<?xml version="1.0" encoding="utf-8"?>
<Project ToolsVersion="4.0" xmlns="http://schemas.microsoft.com/developer/msbuild/2003">
  <ItemGroup>
    <Filter Include="Resource Files">
      <UniqueIdentifier>{67DA6AB6-F800-4c08-8B7A-83BB121AAD01}</UniqueIdentifier>
      <Extensions>rc;ico;cur;bmp;dlg;rc2;rct;bin;rgs;gif;jpg;jpeg;jpe;resx;tiff;tif;png;wav;mfcribbon-ms</Extensions>
    </Filter>
    <Filter Include="engine">
      <UniqueIdentifier>{b882f28d-d539-4c04-96e3-0a527466dbf5}</UniqueIdentifier>
    </Filter>
    <Filter Include="game">
      <UniqueIdentifier>{d3926f6c-5123-4d5a-b23f-080daa42c45b}</UniqueIdentifier>
    </Filter>
    <Filter Include="engine\app">
      <UniqueIdentifier>{c5fe0318-1210-45c0-8c40-21ab635732e4}</UniqueIdentifier>
    </Filter>
    <Filter Include="engine\renderer">
      <UniqueIdentifier>{3ce79758-8501-4527-8a6d-fd705a89bd9f}</UniqueIdentifier>
    </Filter>
    <Filter Include="game\states">
      <UniqueIdentifier>{31398c5c-9fbb-4fa8-aca3-a7387f1fbcf0}</UniqueIdentifier>
    </Filter>
    <Filter Include="engine\sound">
      <UniqueIdentifier>{a1d5b0b8-0950-41fc-8714-09e9a2d5e4fc}</UniqueIdentifier>
    </Filter>
    <Filter Include="game\objects">
      <UniqueIdentifier>{d5edfae2-66f4-4016-9053-e383d5bb150d}</UniqueIdentifier>
    </Filter>
    <Filter Include="engine\collision">
      <UniqueIdentifier>{9a52f474-dd6f-4d87-9d49-c67dfc6894eb}</UniqueIdentifier>
    </Filter>
    <Filter Include="game\managers">
      <UniqueIdentifier>{6a469842-639c-4a2c-9ea1-1ca1568b4ece}</UniqueIdentifier>
    </Filter>
  </ItemGroup>
  <ItemGroup>
    <ClInclude Include="source\engine\app\WinApp.h">
      <Filter>engine\app</Filter>
    </ClInclude>
    <ClInclude Include="source\engine\memory_macros.h">
      <Filter>engine</Filter>
    </ClInclude>
    <ClInclude Include="source\engine\app\BaseState.h">
      <Filter>engine\app</Filter>
    </ClInclude>
    <ClInclude Include="source\engine\app\StateSystem.h">
      <Filter>engine\app</Filter>
    </ClInclude>
    <ClInclude Include="source\engine\renderer\D3D9Handler.h">
      <Filter>engine\renderer</Filter>
    </ClInclude>
    <ClInclude Include="source\engine\directx9.h">
      <Filter>engine</Filter>
    </ClInclude>
    <ClInclude Include="source\engine\renderer\TextureManager.h">
      <Filter>engine\renderer</Filter>
    </ClInclude>
    <ClInclude Include="source\game\states\SplashState.h">
      <Filter>game\states</Filter>
    </ClInclude>
    <ClInclude Include="source\game\states\OptionsState.h">
      <Filter>game\states</Filter>
    </ClInclude>
    <ClInclude Include="source\game\states\CreditsState.h">
      <Filter>game\states</Filter>
    </ClInclude>
    <ClInclude Include="source\game\states\GameModeState.h">
      <Filter>game\states</Filter>
    </ClInclude>
    <ClInclude Include="source\game\states\GameplayState.h">
      <Filter>game\states</Filter>
    </ClInclude>
    <ClInclude Include="source\game\states\PauseState.h">
      <Filter>game\states</Filter>
    </ClInclude>
    <ClInclude Include="source\game\states\MainMenuState.h">
      <Filter>game\states</Filter>
    </ClInclude>
    <ClInclude Include="source\engine\app\Timer.h">
      <Filter>engine\app</Filter>
    </ClInclude>
    <ClInclude Include="source\engine\windows.h">
      <Filter>engine</Filter>
    </ClInclude>
    <ClInclude Include="source\engine\sound\SoundManager.h">
      <Filter>engine\sound</Filter>
    </ClInclude>
    <ClInclude Include="source\game\objects\IEntity.h">
      <Filter>game\objects</Filter>
    </ClInclude>
    <ClInclude Include="source\game\objects\BaseEntity.h">
      <Filter>game\objects</Filter>
    </ClInclude>
    <ClInclude Include="source\engine\collision\CollisionLibrary.h">
      <Filter>engine\collision</Filter>
    </ClInclude>
    <ClInclude Include="source\engine\collision\CollisionVolume.h">
      <Filter>engine\collision</Filter>
    </ClInclude>
    <ClInclude Include="source\game\objects\Asteroids.h">
      <Filter>game\objects</Filter>
    </ClInclude>
    <ClInclude Include="source\game\objects\Ship.h">
      <Filter>game\objects</Filter>
    </ClInclude>
    <ClInclude Include="source\game\objects\Weapon.h">
      <Filter>game\objects</Filter>
    </ClInclude>
    <ClInclude Include="source\game\ObjectFactory.h">
      <Filter>game\managers</Filter>
    </ClInclude>
    <ClInclude Include="source\game\ObjectManager.h">
      <Filter>game\managers</Filter>
    </ClInclude>
    <ClInclude Include="source\game\objects\Projectile.h">
      <Filter>game\objects</Filter>
    </ClInclude>
  </ItemGroup>
  <ItemGroup>
    <ClCompile Include="source\engine\app\WinApp.cpp">
      <Filter>engine\app</Filter>
    </ClCompile>
    <ClCompile Include="source\WinMain.cpp" />
    <ClCompile Include="source\engine\app\StateSystem.cpp">
      <Filter>engine\app</Filter>
    </ClCompile>
    <ClCompile Include="source\engine\renderer\D3D9Handler.cpp">
      <Filter>engine\renderer</Filter>
    </ClCompile>
    <ClCompile Include="source\engine\renderer\TextureManager.cpp">
      <Filter>engine\renderer</Filter>
    </ClCompile>
    <ClCompile Include="source\game\states\SplashState.cpp">
      <Filter>game\states</Filter>
    </ClCompile>
    <ClCompile Include="source\game\states\OptionsState.cpp">
      <Filter>game\states</Filter>
    </ClCompile>
    <ClCompile Include="source\game\states\CreditsState.cpp">
      <Filter>game\states</Filter>
    </ClCompile>
    <ClCompile Include="source\game\states\GameModeState.cpp">
      <Filter>game\states</Filter>
    </ClCompile>
    <ClCompile Include="source\game\states\GameplayState.cpp">
      <Filter>game\states</Filter>
    </ClCompile>
    <ClCompile Include="source\game\states\PauseState.cpp">
      <Filter>game\states</Filter>
    </ClCompile>
    <ClCompile Include="source\game\states\MainMenuState.cpp">
      <Filter>game\states</Filter>
    </ClCompile>
    <ClCompile Include="source\engine\app\Timer.cpp">
      <Filter>engine\app</Filter>
    </ClCompile>
    <ClCompile Include="source\engine\sound\SoundManager.cpp">
      <Filter>engine\sound</Filter>
    </ClCompile>
    <ClCompile Include="source\game\objects\BaseEntity.cpp">
      <Filter>game\objects</Filter>
    </ClCompile>
    <ClCompile Include="source\engine\collision\CollisionLibrary.cpp">
      <Filter>engine\collision</Filter>
    </ClCompile>
    <ClCompile Include="source\game\objects\Asteroids.cpp">
      <Filter>game\objects</Filter>
    </ClCompile>
    <ClCompile Include="source\game\objects\Ship.cpp">
      <Filter>game\objects</Filter>
    </ClCompile>
    <ClCompile Include="source\game\ObjectFactory.cpp">
      <Filter>game\managers</Filter>
    </ClCompile>
    <ClCompile Include="source\game\ObjectManager.cpp">
      <Filter>game\managers</Filter>
    </ClCompile>
    <ClCompile Include="source\game\objects\Projectile.cpp">
      <Filter>game\objects</Filter>
    </ClCompile>
    <ClCompile Include="source\game\objects\Weapon.cpp">
      <Filter>game\objects</Filter>
    </ClCompile>
  </ItemGroup>
</Project>